
Microsoft Visual Studio Solution File, Format Version 12.00
# Visual Studio Version 17
VisualStudioVersion = 17.8.34330.188
MinimumVisualStudioVersion = 10.0.40219.1
Project("{FAE04EC0-301F-11D3-BF4B-00C04F79EFBC}") = "38", "38.csproj", "{B54EB036-ADA2-40FD-8120-B1B254D7DAF0}"
EndProject
Global
	GlobalSection(SolutionConfigurationPlatforms) = preSolution
		Debug|Any CPU = Debug|Any CPU
		Release|Any CPU = Release|Any CPU
	EndGlobalSection
	GlobalSection(ProjectConfigurationPlatforms) = postSolution
		{B54EB036-ADA2-40FD-8120-B1B254D7DAF0}.Debug|Any CPU.ActiveCfg = Debug|Any CPU
		{B54EB036-ADA2-40FD-8120-B1B254D7DAF0}.Debug|Any CPU.Build.0 = Debug|Any CPU
		{B54EB036-ADA2-40FD-8120-B1B254D7DAF0}.Release|Any CPU.ActiveCfg = Release|Any CPU
		{B54EB036-ADA2-40FD-8120-B1B254D7DAF0}.Release|Any CPU.Build.0 = Release|Any CPU
	EndGlobalSection
	GlobalSection(SolutionProperties) = preSolution
		HideSolutionNode = FALSE
	EndGlobalSection
	GlobalSection(ExtensibilityGlobals) = postSolution
		SolutionGuid = {FEEC40DD-279E-454A-95B0-CAC5A341FEFC}
	EndGlobalSection
EndGlobal
